{
  "name": "skillfoundry",
  "version": "2.0.72",
  "lockfileVersion": 3,
  "requires": true,
  "packages": {
    "": {
      "name": "skillfoundry",
      "version": "2.0.72",
      "license": "MIT",
      "bin": {
        "skillfoundry": "bin/skillfoundry.js"
      },
      "engines": {
        "node": ">=20.0.0"
      }
    }
  }
}
